
Microsoft Visual Studio Solution File, Format Version 12.00
# Visual Studio Version 17
VisualStudioVersion = 17.11.35327.3
MinimumVisualStudioVersion = 10.0.40219.1
Project("{FAE04EC0-301F-11D3-BF4B-00C04F79EFBC}") = "Stalkr", "Stalkr.csproj", "{ECF9CC7D-B191-4EF3-9385-18B80EDFCC75}"
EndProject
Global
	GlobalSection(SolutionConfigurationPlatforms) = preSolution
		Debug|Any CPU = Debug|Any CPU
		Release|Any CPU = Release|Any CPU
	EndGlobalSection
	GlobalSection(ProjectConfigurationPlatforms) = postSolution
		{ECF9CC7D-B191-4EF3-9385-18B80EDFCC75}.Debug|Any CPU.ActiveCfg = Debug|Any CPU
		{ECF9CC7D-B191-4EF3-9385-18B80EDFCC75}.Debug|Any CPU.Build.0 = Debug|Any CPU
		{ECF9CC7D-B191-4EF3-9385-18B80EDFCC75}.Release|Any CPU.ActiveCfg = Release|Any CPU
		{ECF9CC7D-B191-4EF3-9385-18B80EDFCC75}.Release|Any CPU.Build.0 = Release|Any CPU
	EndGlobalSection
	GlobalSection(SolutionProperties) = preSolution
		HideSolutionNode = FALSE
	EndGlobalSection
	GlobalSection(ExtensibilityGlobals) = postSolution
		SolutionGuid = {FB1A890D-1829-4850-8563-62C68B488C31}
	EndGlobalSection
EndGlobal
